// !$*UTF8*$!
{
	archiveVersion = 1;
	classes = {
	};
	objectVersion = 55;
	objects = {

/* Begin PBXBuildFile section */
		43B33A8DF8EB3BA88BD005EF /* Pods_ldPrinceTheatre.framework in Frameworks */ = {isa = PBXBuildFile; fileRef = 13B297A3A9756FD1065BC41B /* Pods_ldPrinceTheatre.framework */; };
		9C09E65D2707F1FC0008BCC6 /* MoviesListViewController.swift in Sources */ = {isa = PBXBuildFile; fileRef = 9C09E65C2707F1FC0008BCC6 /* MoviesListViewController.swift */; };
		9C09E65F2707F20E0008BCC6 /* MoviesListViewModel.swift in Sources */ = {isa = PBXBuildFile; fileRef = 9C09E65E2707F20E0008BCC6 /* MoviesListViewModel.swift */; };
		9C09E66527086BA30008BCC6 /* MoviesCollectionViewCell.swift in Sources */ = {isa = PBXBuildFile; fileRef = 9C09E66427086BA30008BCC6 /* MoviesCollectionViewCell.swift */; };
		9C09E66727093E110008BCC6 /* ViewState.swift in Sources */ = {isa = PBXBuildFile; fileRef = 9C09E66627093E110008BCC6 /* ViewState.swift */; };
		9C09E66927095BE90008BCC6 /* MovieDetails.swift in Sources */ = {isa = PBXBuildFile; fileRef = 9C09E66827095BE90008BCC6 /* MovieDetails.swift */; };
		9C09E66C2709A9BF0008BCC6 /* MovieDetailsViewController.swift in Sources */ = {isa = PBXBuildFile; fileRef = 9C09E66B2709A9BF0008BCC6 /* MovieDetailsViewController.swift */; };
		9C09E66E270A4B710008BCC6 /* MovieDetailsViewModel.swift in Sources */ = {isa = PBXBuildFile; fileRef = 9C09E66D270A4B710008BCC6 /* MovieDetailsViewModel.swift */; };
		9C12AB9827027E0C00AB93F0 /* Movie.swift in Sources */ = {isa = PBXBuildFile; fileRef = 9C12AB9727027E0C00AB93F0 /* Movie.swift */; };
		9C1AD558270C684B0050279A /* MoviesListViewModelTests.swift in Sources */ = {isa = PBXBuildFile; fileRef = 9C1AD557270C684B0050279A /* MoviesListViewModelTests.swift */; };
		9C1BD2B9270E514F007C1C52 /* MoviesRepositoryTests.swift in Sources */ = {isa = PBXBuildFile; fileRef = 9C1BD2B8270E514F007C1C52 /* MoviesRepositoryTests.swift */; };
		9C27797D27115A7C00D4F153 /* MoviesServiceTests.swift in Sources */ = {isa = PBXBuildFile; fileRef = 9C27797C27115A7C00D4F153 /* MoviesServiceTests.swift */; };
		9C2779802712A81700D4F153 /* filmworld_movies_list_success.json in Resources */ = {isa = PBXBuildFile; fileRef = 9C27797F2712A81700D4F153 /* filmworld_movies_list_success.json */; };
		9C2779822712A9A600D4F153 /* TestHelper.swift in Sources */ = {isa = PBXBuildFile; fileRef = 9C2779812712A9A600D4F153 /* TestHelper.swift */; };
		9C2779842712AA0200D4F153 /* ResponseStubs.swift in Sources */ = {isa = PBXBuildFile; fileRef = 9C2779832712AA0200D4F153 /* ResponseStubs.swift */; };
		9C2779862712F5EF00D4F153 /* MockURLProtocol.swift in Sources */ = {isa = PBXBuildFile; fileRef = 9C2779852712F5EF00D4F153 /* MockURLProtocol.swift */; };
		9C281EAA2701E10500974611 /* AppDelegate.swift in Sources */ = {isa = PBXBuildFile; fileRef = 9C281EA92701E10500974611 /* AppDelegate.swift */; };
		9C281EAC2701E10500974611 /* SceneDelegate.swift in Sources */ = {isa = PBXBuildFile; fileRef = 9C281EAB2701E10500974611 /* SceneDelegate.swift */; };
		9C281EB32701E10600974611 /* Assets.xcassets in Resources */ = {isa = PBXBuildFile; fileRef = 9C281EB22701E10600974611 /* Assets.xcassets */; };
		9C281EB62701E10600974611 /* LaunchScreen.storyboard in Resources */ = {isa = PBXBuildFile; fileRef = 9C281EB42701E10600974611 /* LaunchScreen.storyboard */; };
		9C3B8E752703114700D0819E /* MoviesRepository.swift in Sources */ = {isa = PBXBuildFile; fileRef = 9C3B8E742703114700D0819E /* MoviesRepository.swift */; };
		9C3B8E77270315B100D0819E /* MoviesService.swift in Sources */ = {isa = PBXBuildFile; fileRef = 9C3B8E76270315B100D0819E /* MoviesService.swift */; };
		9C3E235327140C3F006602F4 /* filmworld_movies_list_bad_gateway.json in Resources */ = {isa = PBXBuildFile; fileRef = 9C3E235227140C3F006602F4 /* filmworld_movies_list_bad_gateway.json */; };
/* End PBXBuildFile section */

/* Begin PBXContainerItemProxy section */
		9C1AD552270C67760050279A /* PBXContainerItemProxy */ = {
			isa = PBXContainerItemProxy;
			containerPortal = 9C281E9E2701E10500974611 /* Project object */;
			proxyType = 1;
			remoteGlobalIDString = 9C281EA52701E10500974611;
			remoteInfo = ldPrinceTheatre;
		};
/* End PBXContainerItemProxy section */

/* Begin PBXFileReference section */
		13B297A3A9756FD1065BC41B /* Pods_ldPrinceTheatre.framework */ = {isa = PBXFileReference; explicitFileType = wrapper.framework; includeInIndex = 0; path = Pods_ldPrinceTheatre.framework; sourceTree = BUILT_PRODUCTS_DIR; };
		2E300993FC7D1E252D30BC6A /* Pods-ldPrinceTheatre.debug.xcconfig */ = {isa = PBXFileReference; includeInIndex = 1; lastKnownFileType = text.xcconfig; name = "Pods-ldPrinceTheatre.debug.xcconfig"; path = "Target Support Files/Pods-ldPrinceTheatre/Pods-ldPrinceTheatre.debug.xcconfig"; sourceTree = "<group>"; };
		555D893BA8D0AF07FF72DA85 /* Pods-ldPrinceTheatre.release.xcconfig */ = {isa = PBXFileReference; includeInIndex = 1; lastKnownFileType = text.xcconfig; name = "Pods-ldPrinceTheatre.release.xcconfig"; path = "Target Support Files/Pods-ldPrinceTheatre/Pods-ldPrinceTheatre.release.xcconfig"; sourceTree = "<group>"; };
		9C09E65C2707F1FC0008BCC6 /* MoviesListViewController.swift */ = {isa = PBXFileReference; lastKnownFileType = sourcecode.swift; path = MoviesListViewController.swift; sourceTree = "<group>"; };
		9C09E65E2707F20E0008BCC6 /* MoviesListViewModel.swift */ = {isa = PBXFileReference; lastKnownFileType = sourcecode.swift; path = MoviesListViewModel.swift; sourceTree = "<group>"; };
		9C09E66427086BA30008BCC6 /* MoviesCollectionViewCell.swift */ = {isa = PBXFileReference; lastKnownFileType = sourcecode.swift; path = MoviesCollectionViewCell.swift; sourceTree = "<group>"; };
		9C09E66627093E110008BCC6 /* ViewState.swift */ = {isa = PBXFileReference; lastKnownFileType = sourcecode.swift; path = ViewState.swift; sourceTree = "<group>"; };
		9C09E66827095BE90008BCC6 /* MovieDetails.swift */ = {isa = PBXFileReference; lastKnownFileType = sourcecode.swift; path = MovieDetails.swift; sourceTree = "<group>"; };
		9C09E66B2709A9BF0008BCC6 /* MovieDetailsViewController.swift */ = {isa = PBXFileReference; lastKnownFileType = sourcecode.swift; path = MovieDetailsViewController.swift; sourceTree = "<group>"; };
		9C09E66D270A4B710008BCC6 /* MovieDetailsViewModel.swift */ = {isa = PBXFileReference; lastKnownFileType = sourcecode.swift; path = MovieDetailsViewModel.swift; sourceTree = "<group>"; };
		9C12AB9727027E0C00AB93F0 /* Movie.swift */ = {isa = PBXFileReference; lastKnownFileType = sourcecode.swift; path = Movie.swift; sourceTree = "<group>"; };
		9C1AD54E270C67760050279A /* ldPrinceTheatreTests.xctest */ = {isa = PBXFileReference; explicitFileType = wrapper.cfbundle; includeInIndex = 0; path = ldPrinceTheatreTests.xctest; sourceTree = BUILT_PRODUCTS_DIR; };
		9C1AD557270C684B0050279A /* MoviesListViewModelTests.swift */ = {isa = PBXFileReference; lastKnownFileType = sourcecode.swift; path = MoviesListViewModelTests.swift; sourceTree = "<group>"; };
		9C1BD2B8270E514F007C1C52 /* MoviesRepositoryTests.swift */ = {isa = PBXFileReference; lastKnownFileType = sourcecode.swift; path = MoviesRepositoryTests.swift; sourceTree = "<group>"; };
		9C27797C27115A7C00D4F153 /* MoviesServiceTests.swift */ = {isa = PBXFileReference; lastKnownFileType = sourcecode.swift; path = MoviesServiceTests.swift; sourceTree = "<group>"; };
		9C27797F2712A81700D4F153 /* filmworld_movies_list_success.json */ = {isa = PBXFileReference; lastKnownFileType = text.json; path = filmworld_movies_list_success.json; sourceTree = "<group>"; };
		9C2779812712A9A600D4F153 /* TestHelper.swift */ = {isa = PBXFileReference; lastKnownFileType = sourcecode.swift; path = TestHelper.swift; sourceTree = "<group>"; };
		9C2779832712AA0200D4F153 /* ResponseStubs.swift */ = {isa = PBXFileReference; lastKnownFileType = sourcecode.swift; path = ResponseStubs.swift; sourceTree = "<group>"; };
		9C2779852712F5EF00D4F153 /* MockURLProtocol.swift */ = {isa = PBXFileReference; lastKnownFileType = sourcecode.swift; path = MockURLProtocol.swift; sourceTree = "<group>"; };
		9C281EA62701E10500974611 /* ldPrinceTheatre.app */ = {isa = PBXFileReference; explicitFileType = wrapper.application; includeInIndex = 0; path = ldPrinceTheatre.app; sourceTree = BUILT_PRODUCTS_DIR; };
		9C281EA92701E10500974611 /* AppDelegate.swift */ = {isa = PBXFileReference; lastKnownFileType = sourcecode.swift; path = AppDelegate.swift; sourceTree = "<group>"; };
		9C281EAB2701E10500974611 /* SceneDelegate.swift */ = {isa = PBXFileReference; lastKnownFileType = sourcecode.swift; path = SceneDelegate.swift; sourceTree = "<group>"; };
		9C281EB22701E10600974611 /* Assets.xcassets */ = {isa = PBXFileReference; lastKnownFileType = folder.assetcatalog; path = Assets.xcassets; sourceTree = "<group>"; };
		9C281EB52701E10600974611 /* Base */ = {isa = PBXFileReference; lastKnownFileType = file.storyboard; name = Base; path = Base.lproj/LaunchScreen.storyboard; sourceTree = "<group>"; };
		9C281EB72701E10600974611 /* Info.plist */ = {isa = PBXFileReference; lastKnownFileType = text.plist.xml; path = Info.plist; sourceTree = "<group>"; };
		9C3B8E742703114700D0819E /* MoviesRepository.swift */ = {isa = PBXFileReference; lastKnownFileType = sourcecode.swift; path = MoviesRepository.swift; sourceTree = "<group>"; };
		9C3B8E76270315B100D0819E /* MoviesService.swift */ = {isa = PBXFileReference; lastKnownFileType = sourcecode.swift; path = MoviesService.swift; sourceTree = "<group>"; };
		9C3E235227140C3F006602F4 /* filmworld_movies_list_bad_gateway.json */ = {isa = PBXFileReference; lastKnownFileType = text.json; path = filmworld_movies_list_bad_gateway.json; sourceTree = "<group>"; };
/* End PBXFileReference section */

/* Begin PBXFrameworksBuildPhase section */
		9C1AD54B270C67760050279A /* Frameworks */ = {
			isa = PBXFrameworksBuildPhase;
			buildActionMask = 2147483647;
			files = (
			);
			runOnlyForDeploymentPostprocessing = 0;
		};
		9C281EA32701E10500974611 /* Frameworks */ = {
			isa = PBXFrameworksBuildPhase;
			buildActionMask = 2147483647;
			files = (
				43B33A8DF8EB3BA88BD005EF /* Pods_ldPrinceTheatre.framework in Frameworks */,
			);
			runOnlyForDeploymentPostprocessing = 0;
		};
/* End PBXFrameworksBuildPhase section */

/* Begin PBXGroup section */
		9C09E661270866160008BCC6 /* ViewLayer */ = {
			isa = PBXGroup;
			children = (
				9C09E66A2709A9A10008BCC6 /* MovieDetails */,
				9C09E66627093E110008BCC6 /* ViewState.swift */,
				9C09E662270866380008BCC6 /* MoviesList */,
			);
			path = ViewLayer;
			sourceTree = "<group>";
		};
		9C09E662270866380008BCC6 /* MoviesList */ = {
			isa = PBXGroup;
			children = (
				9C09E65E2707F20E0008BCC6 /* MoviesListViewModel.swift */,
				9C09E65C2707F1FC0008BCC6 /* MoviesListViewController.swift */,
				9C09E66427086BA30008BCC6 /* MoviesCollectionViewCell.swift */,
			);
			path = MoviesList;
			sourceTree = "<group>";
		};
		9C09E6632708666B0008BCC6 /* DataLayer */ = {
			isa = PBXGroup;
			children = (
				9C3B8E742703114700D0819E /* MoviesRepository.swift */,
				9C3B8E76270315B100D0819E /* MoviesService.swift */,
				9C12AB9627027D9500AB93F0 /* Models */,
			);
			path = DataLayer;
			sourceTree = "<group>";
		};
		9C09E66A2709A9A10008BCC6 /* MovieDetails */ = {
			isa = PBXGroup;
			children = (
				9C09E66B2709A9BF0008BCC6 /* MovieDetailsViewController.swift */,
				9C09E66D270A4B710008BCC6 /* MovieDetailsViewModel.swift */,
			);
			path = MovieDetails;
			sourceTree = "<group>";
		};
		9C12AB9627027D9500AB93F0 /* Models */ = {
			isa = PBXGroup;
			children = (
				9C12AB9727027E0C00AB93F0 /* Movie.swift */,
				9C09E66827095BE90008BCC6 /* MovieDetails.swift */,
			);
			path = Models;
			sourceTree = "<group>";
		};
		9C1AD54F270C67760050279A /* ldPrinceTheatreTests */ = {
			isa = PBXGroup;
			children = (
				9C27797E2712A56300D4F153 /* JSON */,
				9C27797C27115A7C00D4F153 /* MoviesServiceTests.swift */,
				9C1BD2B8270E514F007C1C52 /* MoviesRepositoryTests.swift */,
				9C1AD557270C684B0050279A /* MoviesListViewModelTests.swift */,
				9C2779812712A9A600D4F153 /* TestHelper.swift */,
				9C2779832712AA0200D4F153 /* ResponseStubs.swift */,
				9C2779852712F5EF00D4F153 /* MockURLProtocol.swift */,
			);
			path = ldPrinceTheatreTests;
			sourceTree = "<group>";
		};
		9C27797E2712A56300D4F153 /* JSON */ = {
			isa = PBXGroup;
			children = (
				9C27797F2712A81700D4F153 /* filmworld_movies_list_success.json */,
				9C3E235227140C3F006602F4 /* filmworld_movies_list_bad_gateway.json */,
			);
			path = JSON;
			sourceTree = "<group>";
		};
		9C281E9D2701E10500974611 = {
			isa = PBXGroup;
			children = (
				9C281EA82701E10500974611 /* ldPrinceTheatre */,
				9C1AD54F270C67760050279A /* ldPrinceTheatreTests */,
				9C281EA72701E10500974611 /* Products */,
				AA4CBBA0E81758FC9279F549 /* Pods */,
				A22040F9DB7E9049762A3D54 /* Frameworks */,
			);
			sourceTree = "<group>";
		};
		9C281EA72701E10500974611 /* Products */ = {
			isa = PBXGroup;
			children = (
				9C281EA62701E10500974611 /* ldPrinceTheatre.app */,
				9C1AD54E270C67760050279A /* ldPrinceTheatreTests.xctest */,
			);
			name = Products;
			sourceTree = "<group>";
		};
		9C281EA82701E10500974611 /* ldPrinceTheatre */ = {
			isa = PBXGroup;
			children = (
				9C09E6632708666B0008BCC6 /* DataLayer */,
				9C09E661270866160008BCC6 /* ViewLayer */,
				9C281EA92701E10500974611 /* AppDelegate.swift */,
				9C281EAB2701E10500974611 /* SceneDelegate.swift */,
				9C281EB22701E10600974611 /* Assets.xcassets */,
				9C281EB42701E10600974611 /* LaunchScreen.storyboard */,
				9C281EB72701E10600974611 /* Info.plist */,
			);
			path = ldPrinceTheatre;
			sourceTree = "<group>";
		};
		A22040F9DB7E9049762A3D54 /* Frameworks */ = {
			isa = PBXGroup;
			children = (
				13B297A3A9756FD1065BC41B /* Pods_ldPrinceTheatre.framework */,
			);
			name = Frameworks;
			sourceTree = "<group>";
		};
		AA4CBBA0E81758FC9279F549 /* Pods */ = {
			isa = PBXGroup;
			children = (
				2E300993FC7D1E252D30BC6A /* Pods-ldPrinceTheatre.debug.xcconfig */,
				555D893BA8D0AF07FF72DA85 /* Pods-ldPrinceTheatre.release.xcconfig */,
			);
			path = Pods;
			sourceTree = "<group>";
		};
/* End PBXGroup section */

/* Begin PBXNativeTarget section */
		9C1AD54D270C67760050279A /* ldPrinceTheatreTests */ = {
			isa = PBXNativeTarget;
			buildConfigurationList = 9C1AD556270C67760050279A /* Build configuration list for PBXNativeTarget "ldPrinceTheatreTests" */;
			buildPhases = (
				9C1AD54A270C67760050279A /* Sources */,
				9C1AD54B270C67760050279A /* Frameworks */,
				9C1AD54C270C67760050279A /* Resources */,
			);
			buildRules = (
			);
			dependencies = (
				9C1AD553270C67760050279A /* PBXTargetDependency */,
			);
			name = ldPrinceTheatreTests;
			productName = ldPrinceTheatreTests;
			productReference = 9C1AD54E270C67760050279A /* ldPrinceTheatreTests.xctest */;
			productType = "com.apple.product-type.bundle.unit-test";
		};
		9C281EA52701E10500974611 /* ldPrinceTheatre */ = {
			isa = PBXNativeTarget;
			buildConfigurationList = 9C281EBA2701E10600974611 /* Build configuration list for PBXNativeTarget "ldPrinceTheatre" */;
			buildPhases = (
				C5FA2B46417279E6D6B0D110 /* [CP] Check Pods Manifest.lock */,
				9C281EA22701E10500974611 /* Sources */,
				9C281EA32701E10500974611 /* Frameworks */,
				9C281EA42701E10500974611 /* Resources */,
				E13BA3E999E17400A0289B3E /* [CP] Embed Pods Frameworks */,
			);
			buildRules = (
			);
			dependencies = (
			);
			name = ldPrinceTheatre;
			productName = ldPrinceTheatre;
			productReference = 9C281EA62701E10500974611 /* ldPrinceTheatre.app */;
			productType = "com.apple.product-type.application";
		};
/* End PBXNativeTarget section */

/* Begin PBXProject section */
		9C281E9E2701E10500974611 /* Project object */ = {
			isa = PBXProject;
			attributes = {
				BuildIndependentTargetsInParallel = 1;
				LastSwiftUpdateCheck = 1300;
				LastUpgradeCheck = 1300;
				TargetAttributes = {
					9C1AD54D270C67760050279A = {
						CreatedOnToolsVersion = 13.0;
						TestTargetID = 9C281EA52701E10500974611;
					};
					9C281EA52701E10500974611 = {
						CreatedOnToolsVersion = 13.0;
					};
				};
			};
			buildConfigurationList = 9C281EA12701E10500974611 /* Build configuration list for PBXProject "ldPrinceTheatre" */;
			compatibilityVersion = "Xcode 13.0";
			developmentRegion = en;
			hasScannedForEncodings = 0;
			knownRegions = (
				en,
				Base,
			);
			mainGroup = 9C281E9D2701E10500974611;
			productRefGroup = 9C281EA72701E10500974611 /* Products */;
			projectDirPath = "";
			projectRoot = "";
			targets = (
				9C281EA52701E10500974611 /* ldPrinceTheatre */,
				9C1AD54D270C67760050279A /* ldPrinceTheatreTests */,
			);
		};
/* End PBXProject section */

/* Begin PBXResourcesBuildPhase section */
		9C1AD54C270C67760050279A /* Resources */ = {
			isa = PBXResourcesBuildPhase;
			buildActionMask = 2147483647;
			files = (
				9C2779802712A81700D4F153 /* filmworld_movies_list_success.json in Resources */,
				9C3E235327140C3F006602F4 /* filmworld_movies_list_bad_gateway.json in Resources */,
			);
			runOnlyForDeploymentPostprocessing = 0;
		};
		9C281EA42701E10500974611 /* Resources */ = {
			isa = PBXResourcesBuildPhase;
			buildActionMask = 2147483647;
			files = (
				9C281EB62701E10600974611 /* LaunchScreen.storyboard in Resources */,
				9C281EB32701E10600974611 /* Assets.xcassets in Resources */,
			);
			runOnlyForDeploymentPostprocessing = 0;
		};
/* End PBXResourcesBuildPhase section */

/* Begin PBXShellScriptBuildPhase section */
		C5FA2B46417279E6D6B0D110 /* [CP] Check Pods Manifest.lock */ = {
			isa = PBXShellScriptBuildPhase;
			buildActionMask = 2147483647;
			files = (
			);
			inputFileListPaths = (
			);
			inputPaths = (
				"${PODS_PODFILE_DIR_PATH}/Podfile.lock",
				"${PODS_ROOT}/Manifest.lock",
			);
			name = "[CP] Check Pods Manifest.lock";
			outputFileListPaths = (
			);
			outputPaths = (
				"$(DERIVED_FILE_DIR)/Pods-ldPrinceTheatre-checkManifestLockResult.txt",
			);
			runOnlyForDeploymentPostprocessing = 0;
			shellPath = /bin/sh;
			shellScript = "diff \"${PODS_PODFILE_DIR_PATH}/Podfile.lock\" \"${PODS_ROOT}/Manifest.lock\" > /dev/null\nif [ $? != 0 ] ; then\n    # print error to STDERR\n    echo \"error: The sandbox is not in sync with the Podfile.lock. Run 'pod install' or update your CocoaPods installation.\" >&2\n    exit 1\nfi\n# This output is used by Xcode 'outputs' to avoid re-running this script phase.\necho \"SUCCESS\" > \"${SCRIPT_OUTPUT_FILE_0}\"\n";
			showEnvVarsInLog = 0;
		};
		E13BA3E999E17400A0289B3E /* [CP] Embed Pods Frameworks */ = {
			isa = PBXShellScriptBuildPhase;
			buildActionMask = 2147483647;
			files = (
			);
			inputFileListPaths = (
				"${PODS_ROOT}/Target Support Files/Pods-ldPrinceTheatre/Pods-ldPrinceTheatre-frameworks-${CONFIGURATION}-input-files.xcfilelist",
			);
			name = "[CP] Embed Pods Frameworks";
			outputFileListPaths = (
				"${PODS_ROOT}/Target Support Files/Pods-ldPrinceTheatre/Pods-ldPrinceTheatre-frameworks-${CONFIGURATION}-output-files.xcfilelist",
			);
			runOnlyForDeploymentPostprocessing = 0;
			shellPath = /bin/sh;
			shellScript = "\"${PODS_ROOT}/Target Support Files/Pods-ldPrinceTheatre/Pods-ldPrinceTheatre-frameworks.sh\"\n";
			showEnvVarsInLog = 0;
		};
/* End PBXShellScriptBuildPhase section */

/* Begin PBXSourcesBuildPhase section */
		9C1AD54A270C67760050279A /* Sources */ = {
			isa = PBXSourcesBuildPhase;
			buildActionMask = 2147483647;
			files = (
				9C1BD2B9270E514F007C1C52 /* MoviesRepositoryTests.swift in Sources */,
				9C27797D27115A7C00D4F153 /* MoviesServiceTests.swift in Sources */,
				9C2779842712AA0200D4F153 /* ResponseStubs.swift in Sources */,
				9C2779862712F5EF00D4F153 /* MockURLProtocol.swift in Sources */,
				9C1AD558270C684B0050279A /* MoviesListViewModelTests.swift in Sources */,
				9C2779822712A9A600D4F153 /* TestHelper.swift in Sources */,
			);
			runOnlyForDeploymentPostprocessing = 0;
		};
		9C281EA22701E10500974611 /* Sources */ = {
			isa = PBXSourcesBuildPhase;
			buildActionMask = 2147483647;
			files = (
				9C09E65D2707F1FC0008BCC6 /* MoviesListViewController.swift in Sources */,
				9C3B8E752703114700D0819E /* MoviesRepository.swift in Sources */,
				9C3B8E77270315B100D0819E /* MoviesService.swift in Sources */,
				9C09E66927095BE90008BCC6 /* MovieDetails.swift in Sources */,
				9C09E66527086BA30008BCC6 /* MoviesCollectionViewCell.swift in Sources */,
				9C09E66C2709A9BF0008BCC6 /* MovieDetailsViewController.swift in Sources */,
				9C281EAA2701E10500974611 /* AppDelegate.swift in Sources */,
				9C09E66727093E110008BCC6 /* ViewState.swift in Sources */,
				9C09E66E270A4B710008BCC6 /* MovieDetailsViewModel.swift in Sources */,
				9C12AB9827027E0C00AB93F0 /* Movie.swift in Sources */,
				9C281EAC2701E10500974611 /* SceneDelegate.swift in Sources */,
				9C09E65F2707F20E0008BCC6 /* MoviesListViewModel.swift in Sources */,
			);
			runOnlyForDeploymentPostprocessing = 0;
		};
/* End PBXSourcesBuildPhase section */

/* Begin PBXTargetDependency section */
		9C1AD553270C67760050279A /* PBXTargetDependency */ = {
			isa = PBXTargetDependency;
			target = 9C281EA52701E10500974611 /* ldPrinceTheatre */;
			targetProxy = 9C1AD552270C67760050279A /* PBXContainerItemProxy */;
		};
/* End PBXTargetDependency section */

/* Begin PBXVariantGroup section */
		9C281EB42701E10600974611 /* LaunchScreen.storyboard */ = {
			isa = PBXVariantGroup;
			children = (
				9C281EB52701E10600974611 /* Base */,
			);
			name = LaunchScreen.storyboard;
			sourceTree = "<group>";
		};
/* End PBXVariantGroup section */

/* Begin XCBuildConfiguration section */
		9C1AD554270C67760050279A /* Debug */ = {
			isa = XCBuildConfiguration;
			buildSettings = {
				BUNDLE_LOADER = "$(TEST_HOST)";
				CODE_SIGN_STYLE = Automatic;
				CURRENT_PROJECT_VERSION = 1;
				DEVELOPMENT_TEAM = 6XHT3APZP2;
				GENERATE_INFOPLIST_FILE = YES;
				LD_RUNPATH_SEARCH_PATHS = (
					"$(inherited)",
					"@executable_path/Frameworks",
					"@loader_path/Frameworks",
				);
				MARKETING_VERSION = 1.0;
				PRODUCT_BUNDLE_IDENTIFIER = au.com.incrementaldigital.ldPrinceTheatreTests;
				PRODUCT_NAME = "$(TARGET_NAME)";
				SWIFT_EMIT_LOC_STRINGS = NO;
				SWIFT_VERSION = 5.0;
				TARGETED_DEVICE_FAMILY = "1,2";
				TEST_HOST = "$(BUILT_PRODUCTS_DIR)/ldPrinceTheatre.app/ldPrinceTheatre";
			};
			name = Debug;
		};
		9C1AD555270C67760050279A /* Release */ = {
			isa = XCBuildConfiguration;
			buildSettings = {
				BUNDLE_LOADER = "$(TEST_HOST)";
				CODE_SIGN_STYLE = Automatic;
				CURRENT_PROJECT_VERSION = 1;
				DEVELOPMENT_TEAM = 6XHT3APZP2;
				GENERATE_INFOPLIST_FILE = YES;
				LD_RUNPATH_SEARCH_PATHS = (
					"$(inherited)",
					"@executable_path/Frameworks",
					"@loader_path/Frameworks",
				);
				MARKETING_VERSION = 1.0;
				PRODUCT_BUNDLE_IDENTIFIER = au.com.incrementaldigital.ldPrinceTheatreTests;
				PRODUCT_NAME = "$(TARGET_NAME)";
				SWIFT_EMIT_LOC_STRINGS = NO;
				SWIFT_VERSION = 5.0;
				TARGETED_DEVICE_FAMILY = "1,2";
				TEST_HOST = "$(BUILT_PRODUCTS_DIR)/ldPrinceTheatre.app/ldPrinceTheatre";
			};
			name = Release;
		};
		9C281EB82701E10600974611 /* Debug */ = {
			isa = XCBuildConfiguration;
			buildSettings = {
				ALWAYS_SEARCH_USER_PATHS = NO;
				CLANG_ANALYZER_NONNULL = YES;
				CLANG_ANALYZER_NUMBER_OBJECT_CONVERSION = YES_AGGRESSIVE;
				CLANG_CXX_LANGUAGE_STANDARD = "gnu++17";
				CLANG_CXX_LIBRARY = "libc++";
				CLANG_ENABLE_MODULES = YES;
				CLANG_ENABLE_OBJC_ARC = YES;
				CLANG_ENABLE_OBJC_WEAK = YES;
				CLANG_WARN_BLOCK_CAPTURE_AUTORELEASING = YES;
				CLANG_WARN_BOOL_CONVERSION = YES;
				CLANG_WARN_COMMA = YES;
				CLANG_WARN_CONSTANT_CONVERSION = YES;
				CLANG_WARN_DEPRECATED_OBJC_IMPLEMENTATIONS = YES;
				CLANG_WARN_DIRECT_OBJC_ISA_USAGE = YES_ERROR;
				CLANG_WARN_DOCUMENTATION_COMMENTS = YES;
				CLANG_WARN_EMPTY_BODY = YES;
				CLANG_WARN_ENUM_CONVERSION = YES;
				CLANG_WARN_INFINITE_RECURSION = YES;
				CLANG_WARN_INT_CONVERSION = YES;
				CLANG_WARN_NON_LITERAL_NULL_CONVERSION = YES;
				CLANG_WARN_OBJC_IMPLICIT_RETAIN_SELF = YES;
				CLANG_WARN_OBJC_LITERAL_CONVERSION = YES;
				CLANG_WARN_OBJC_ROOT_CLASS = YES_ERROR;
				CLANG_WARN_QUOTED_INCLUDE_IN_FRAMEWORK_HEADER = YES;
				CLANG_WARN_RANGE_LOOP_ANALYSIS = YES;
				CLANG_WARN_STRICT_PROTOTYPES = YES;
				CLANG_WARN_SUSPICIOUS_MOVE = YES;
				CLANG_WARN_UNGUARDED_AVAILABILITY = YES_AGGRESSIVE;
				CLANG_WARN_UNREACHABLE_CODE = YES;
				CLANG_WARN__DUPLICATE_METHOD_MATCH = YES;
				COPY_PHASE_STRIP = NO;
				DEBUG_INFORMATION_FORMAT = dwarf;
				ENABLE_STRICT_OBJC_MSGSEND = YES;
				ENABLE_TESTABILITY = YES;
				GCC_C_LANGUAGE_STANDARD = gnu11;
				GCC_DYNAMIC_NO_PIC = NO;
				GCC_NO_COMMON_BLOCKS = YES;
				GCC_OPTIMIZATION_LEVEL = 0;
				GCC_PREPROCESSOR_DEFINITIONS = (
					"DEBUG=1",
					"$(inherited)",
				);
				GCC_WARN_64_TO_32_BIT_CONVERSION = YES;
				GCC_WARN_ABOUT_RETURN_TYPE = YES_ERROR;
				GCC_WARN_UNDECLARED_SELECTOR = YES;
				GCC_WARN_UNINITIALIZED_AUTOS = YES_AGGRESSIVE;
				GCC_WARN_UNUSED_FUNCTION = YES;
				GCC_WARN_UNUSED_VARIABLE = YES;
				IPHONEOS_DEPLOYMENT_TARGET = 15.0;
				MTL_ENABLE_DEBUG_INFO = INCLUDE_SOURCE;
				MTL_FAST_MATH = YES;
				ONLY_ACTIVE_ARCH = YES;
				SDKROOT = iphoneos;
				SWIFT_ACTIVE_COMPILATION_CONDITIONS = DEBUG;
				SWIFT_OPTIMIZATION_LEVEL = "-Onone";
			};
			name = Debug;
		};
		9C281EB92701E10600974611 /* Release */ = {
			isa = XCBuildConfiguration;
			buildSettings = {
				ALWAYS_SEARCH_USER_PATHS = NO;
				CLANG_ANALYZER_NONNULL = YES;
				CLANG_ANALYZER_NUMBER_OBJECT_CONVERSION = YES_AGGRESSIVE;
				CLANG_CXX_LANGUAGE_STANDARD = "gnu++17";
				CLANG_CXX_LIBRARY = "libc++";
				CLANG_ENABLE_MODULES = YES;
				CLANG_ENABLE_OBJC_ARC = YES;
				CLANG_ENABLE_OBJC_WEAK = YES;
				CLANG_WARN_BLOCK_CAPTURE_AUTORELEASING = YES;
				CLANG_WARN_BOOL_CONVERSION = YES;
				CLANG_WARN_COMMA = YES;
				CLANG_WARN_CONSTANT_CONVERSION = YES;
				CLANG_WARN_DEPRECATED_OBJC_IMPLEMENTATIONS = YES;
				CLANG_WARN_DIRECT_OBJC_ISA_USAGE = YES_ERROR;
				CLANG_WARN_DOCUMENTATION_COMMENTS = YES;
				CLANG_WARN_EMPTY_BODY = YES;
				CLANG_WARN_ENUM_CONVERSION = YES;
				CLANG_WARN_INFINITE_RECURSION = YES;
				CLANG_WARN_INT_CONVERSION = YES;
				CLANG_WARN_NON_LITERAL_NULL_CONVERSION = YES;
				CLANG_WARN_OBJC_IMPLICIT_RETAIN_SELF = YES;
				CLANG_WARN_OBJC_LITERAL_CONVERSION = YES;
				CLANG_WARN_OBJC_ROOT_CLASS = YES_ERROR;
				CLANG_WARN_QUOTED_INCLUDE_IN_FRAMEWORK_HEADER = YES;
				CLANG_WARN_RANGE_LOOP_ANALYSIS = YES;
				CLANG_WARN_STRICT_PROTOTYPES = YES;
				CLANG_WARN_SUSPICIOUS_MOVE = YES;
				CLANG_WARN_UNGUARDED_AVAILABILITY = YES_AGGRESSIVE;
				CLANG_WARN_UNREACHABLE_CODE = YES;
				CLANG_WARN__DUPLICATE_METHOD_MATCH = YES;
				COPY_PHASE_STRIP = NO;
				DEBUG_INFORMATION_FORMAT = "dwarf-with-dsym";
				ENABLE_NS_ASSERTIONS = NO;
				ENABLE_STRICT_OBJC_MSGSEND = YES;
				GCC_C_LANGUAGE_STANDARD = gnu11;
				GCC_NO_COMMON_BLOCKS = YES;
				GCC_WARN_64_TO_32_BIT_CONVERSION = YES;
				GCC_WARN_ABOUT_RETURN_TYPE = YES_ERROR;
				GCC_WARN_UNDECLARED_SELECTOR = YES;
				GCC_WARN_UNINITIALIZED_AUTOS = YES_AGGRESSIVE;
				GCC_WARN_UNUSED_FUNCTION = YES;
				GCC_WARN_UNUSED_VARIABLE = YES;
				IPHONEOS_DEPLOYMENT_TARGET = 15.0;
				MTL_ENABLE_DEBUG_INFO = NO;
				MTL_FAST_MATH = YES;
				SDKROOT = iphoneos;
				SWIFT_COMPILATION_MODE = wholemodule;
				SWIFT_OPTIMIZATION_LEVEL = "-O";
				VALIDATE_PRODUCT = YES;
			};
			name = Release;
		};
		9C281EBB2701E10600974611 /* Debug */ = {
			isa = XCBuildConfiguration;
			baseConfigurationReference = 2E300993FC7D1E252D30BC6A /* Pods-ldPrinceTheatre.debug.xcconfig */;
			buildSettings = {
				ASSETCATALOG_COMPILER_APPICON_NAME = AppIcon;
				ASSETCATALOG_COMPILER_GLOBAL_ACCENT_COLOR_NAME = AccentColor;
				CODE_SIGN_STYLE = Automatic;
				CURRENT_PROJECT_VERSION = 1;
				DEVELOPMENT_TEAM = 6XHT3APZP2;
				GENERATE_INFOPLIST_FILE = YES;
				INFOPLIST_FILE = ldPrinceTheatre/Info.plist;
				INFOPLIST_KEY_UIApplicationSupportsIndirectInputEvents = YES;
				INFOPLIST_KEY_UILaunchStoryboardName = LaunchScreen;
				INFOPLIST_KEY_UISupportedInterfaceOrientations_iPad = "UIInterfaceOrientationPortrait UIInterfaceOrientationPortraitUpsideDown UIInterfaceOrientationLandscapeLeft UIInterfaceOrientationLandscapeRight";
				INFOPLIST_KEY_UISupportedInterfaceOrientations_iPhone = "UIInterfaceOrientationPortrait UIInterfaceOrientationLandscapeLeft UIInterfaceOrientationLandscapeRight";
				LD_RUNPATH_SEARCH_PATHS = (
					"$(inherited)",
					"@executable_path/Frameworks",
				);
				MARKETING_VERSION = 1.0;
				PRODUCT_BUNDLE_IDENTIFIER = au.com.incrementaldigital.ldPrinceTheatre;
				PRODUCT_NAME = "$(TARGET_NAME)";
				SWIFT_EMIT_LOC_STRINGS = YES;
				SWIFT_VERSION = 5.0;
				TARGETED_DEVICE_FAMILY = "1,2";
			};
			name = Debug;
		};
		9C281EBC2701E10600974611 /* Release */ = {
			isa = XCBuildConfiguration;
			baseConfigurationReference = 555D893BA8D0AF07FF72DA85 /* Pods-ldPrinceTheatre.release.xcconfig */;
			buildSettings = {
				ASSETCATALOG_COMPILER_APPICON_NAME = AppIcon;
				ASSETCATALOG_COMPILER_GLOBAL_ACCENT_COLOR_NAME = AccentColor;
				CODE_SIGN_STYLE = Automatic;
				CURRENT_PROJECT_VERSION = 1;
				DEVELOPMENT_TEAM = 6XHT3APZP2;
				GENERATE_INFOPLIST_FILE = YES;
				INFOPLIST_FILE = ldPrinceTheatre/Info.plist;
				INFOPLIST_KEY_UIApplicationSupportsIndirectInputEvents = YES;
				INFOPLIST_KEY_UILaunchStoryboardName = LaunchScreen;
				INFOPLIST_KEY_UISupportedInterfaceOrientations_iPad = "UIInterfaceOrientationPortrait UIInterfaceOrientationPortraitUpsideDown UIInterfaceOrientationLandscapeLeft UIInterfaceOrientationLandscapeRight";
				INFOPLIST_KEY_UISupportedInterfaceOrientations_iPhone = "UIInterfaceOrientationPortrait UIInterfaceOrientationLandscapeLeft UIInterfaceOrientationLandscapeRight";
				LD_RUNPATH_SEARCH_PATHS = (
					"$(inherited)",
					"@executable_path/Frameworks",
				);
				MARKETING_VERSION = 1.0;
				PRODUCT_BUNDLE_IDENTIFIER = au.com.incrementaldigital.ldPrinceTheatre;
				PRODUCT_NAME = "$(TARGET_NAME)";
				SWIFT_EMIT_LOC_STRINGS = YES;
				SWIFT_VERSION = 5.0;
				TARGETED_DEVICE_FAMILY = "1,2";
			};
			name = Release;
		};
/* End XCBuildConfiguration section */

/* Begin XCConfigurationList section */
		9C1AD556270C67760050279A /* Build configuration list for PBXNativeTarget "ldPrinceTheatreTests" */ = {
			isa = XCConfigurationList;
			buildConfigurations = (
				9C1AD554270C67760050279A /* Debug */,
				9C1AD555270C67760050279A /* Release */,
			);
			defaultConfigurationIsVisible = 0;
			defaultConfigurationName = Release;
		};
		9C281EA12701E10500974611 /* Build configuration list for PBXProject "ldPrinceTheatre" */ = {
			isa = XCConfigurationList;
			buildConfigurations = (
				9C281EB82701E10600974611 /* Debug */,
				9C281EB92701E10600974611 /* Release */,
			);
			defaultConfigurationIsVisible = 0;
			defaultConfigurationName = Release;
		};
		9C281EBA2701E10600974611 /* Build configuration list for PBXNativeTarget "ldPrinceTheatre" */ = {
			isa = XCConfigurationList;
			buildConfigurations = (
				9C281EBB2701E10600974611 /* Debug */,
				9C281EBC2701E10600974611 /* Release */,
			);
			defaultConfigurationIsVisible = 0;
			defaultConfigurationName = Release;
		};
/* End XCConfigurationList section */
	};
	rootObject = 9C281E9E2701E10500974611 /* Project object */;
}
